
Microsoft Visual Studio Solution File, Format Version 11.00
# Visual Studio 2010
Project("{FAE04EC0-301F-11D3-BF4B-00C04F79EFBC}") = "CINT_lala", "CINT_lala\CINT_lala.csproj", "{28E46AD9-0746-4128-A296-BBBAF99B3A4B}"
EndProject
Project("{FAE04EC0-301F-11D3-BF4B-00C04F79EFBC}") = "CINT_lala.Tests", "CINT_lala.Tests\CINT_lala.Tests.csproj", "{13A0BAC8-E20B-4249-A38D-9D249C3216CE}"
EndProject
Global
	GlobalSection(SolutionConfigurationPlatforms) = preSolution
		Debug|Any CPU = Debug|Any CPU
		Release|Any CPU = Release|Any CPU
	EndGlobalSection
	GlobalSection(ProjectConfigurationPlatforms) = postSolution
		{28E46AD9-0746-4128-A296-BBBAF99B3A4B}.Debug|Any CPU.ActiveCfg = Debug|Any CPU
		{28E46AD9-0746-4128-A296-BBBAF99B3A4B}.Debug|Any CPU.Build.0 = Debug|Any CPU
		{28E46AD9-0746-4128-A296-BBBAF99B3A4B}.Release|Any CPU.ActiveCfg = Release|Any CPU
		{28E46AD9-0746-4128-A296-BBBAF99B3A4B}.Release|Any CPU.Build.0 = Release|Any CPU
		{13A0BAC8-E20B-4249-A38D-9D249C3216CE}.Debug|Any CPU.ActiveCfg = Debug|Any CPU
		{13A0BAC8-E20B-4249-A38D-9D249C3216CE}.Debug|Any CPU.Build.0 = Debug|Any CPU
		{13A0BAC8-E20B-4249-A38D-9D249C3216CE}.Release|Any CPU.ActiveCfg = Release|Any CPU
		{13A0BAC8-E20B-4249-A38D-9D249C3216CE}.Release|Any CPU.Build.0 = Release|Any CPU
	EndGlobalSection
	GlobalSection(SolutionProperties) = preSolution
		HideSolutionNode = FALSE
	EndGlobalSection
EndGlobal
